
Microsoft Visual Studio Solution File, Format Version 12.00
# Visual Studio Version 17
VisualStudioVersion = 17.0.31903.59
MinimumVisualStudioVersion = 10.0.40219.1
Project("{FAE04EC0-301F-11D3-BF4B-00C04F79EFBC}") = "Vibes", "Vibes\Vibes.csproj", "{A16C326B-64AA-467B-812F-36FA7BCADBEE}"
EndProject
Global
	GlobalSection(SolutionConfigurationPlatforms) = preSolution
		Debug|Any CPU = Debug|Any CPU
		Release|Any CPU = Release|Any CPU
	EndGlobalSection
	GlobalSection(SolutionProperties) = preSolution
		HideSolutionNode = FALSE
	EndGlobalSection
	GlobalSection(ProjectConfigurationPlatforms) = postSolution
		{A16C326B-64AA-467B-812F-36FA7BCADBEE}.Debug|Any CPU.ActiveCfg = Debug|Any CPU
		{A16C326B-64AA-467B-812F-36FA7BCADBEE}.Debug|Any CPU.Build.0 = Debug|Any CPU
		{A16C326B-64AA-467B-812F-36FA7BCADBEE}.Release|Any CPU.ActiveCfg = Release|Any CPU
		{A16C326B-64AA-467B-812F-36FA7BCADBEE}.Release|Any CPU.Build.0 = Release|Any CPU
	EndGlobalSection
EndGlobal
